
Microsoft Visual Studio Solution File, Format Version 12.00
# Visual Studio Version 17
VisualStudioVersion = 17.4.33122.133
MinimumVisualStudioVersion = 10.0.40219.1
Project("{FAE04EC0-301F-11D3-BF4B-00C04F79EFBC}") = "Hometask(Area)", "Hometask(Area)\Hometask(Area).csproj", "{83B2DD77-6B21-4A74-813A-89269E1E1671}"
EndProject
Global
	GlobalSection(SolutionConfigurationPlatforms) = preSolution
		Debug|Any CPU = Debug|Any CPU
		Release|Any CPU = Release|Any CPU
	EndGlobalSection
	GlobalSection(ProjectConfigurationPlatforms) = postSolution
		{83B2DD77-6B21-4A74-813A-89269E1E1671}.Debug|Any CPU.ActiveCfg = Debug|Any CPU
		{83B2DD77-6B21-4A74-813A-89269E1E1671}.Debug|Any CPU.Build.0 = Debug|Any CPU
		{83B2DD77-6B21-4A74-813A-89269E1E1671}.Release|Any CPU.ActiveCfg = Release|Any CPU
		{83B2DD77-6B21-4A74-813A-89269E1E1671}.Release|Any CPU.Build.0 = Release|Any CPU
	EndGlobalSection
	GlobalSection(SolutionProperties) = preSolution
		HideSolutionNode = FALSE
	EndGlobalSection
	GlobalSection(ExtensibilityGlobals) = postSolution
		SolutionGuid = {B6A62D79-F322-4135-AA7C-4DB178CD8AC7}
	EndGlobalSection
EndGlobal
